# THIS IS AN AUTOGENERATED FILE. DO NOT EDIT THIS FILE DIRECTLY.
# yarn lockfile v1


"@alloc/types@^1.2.1":
  version "1.3.0"
  resolved "https://registry.yarnpkg.com/@alloc/types/-/types-1.3.0.tgz#904245b8d3260a4b7d8a801c12501968f64fac08"
  integrity sha512-mH7LiFiq9g6rX2tvt1LtwsclfG5hnsmtIfkZiauAGrm1AwXhoRS0sF2WrN9JGN7eV5vFXqNaB0eXZ3IvMsVi9g==

"@babel/runtime@^7.10.5", "@babel/runtime@^7.3.1", "@babel/runtime@^7.9.2":
  version "7.11.2"
  resolved "https://registry.yarnpkg.com/@babel/runtime/-/runtime-7.11.2.tgz#f549c13c754cc40b87644b9fa9f09a6a95fe0736"
  integrity sha512-TeWkU52so0mPtDcaCTxNBI/IHiz0pZgr8VEFqXFtZWpYD08ZB6FaSwVAS8MKRQAP3bYKiVjwysOJgMFY28o6Tw==
  dependencies:
    regenerator-runtime "^0.13.4"

"@juggle/resize-observer@^3.1.3":
  version "3.2.0"
  resolved "https://registry.yarnpkg.com/@juggle/resize-observer/-/resize-observer-3.2.0.tgz#5e0b448d27fe3091bae6216456512c5904d05661"
  integrity sha512-fsLxt0CHx2HCV9EL8lDoVkwHffsA0snUpddYjdLyXcG5E41xaamn9ZyQqOE9TUJdrRlH8/hjIf+UdOdDeKCUgg==

"@react-spring/animated@9.0.0-rc.3":
  version "9.0.0-rc.3"
  resolved "https://registry.yarnpkg.com/@react-spring/animated/-/animated-9.0.0-rc.3.tgz#e792cb76aacecfc78db2be6020ac11ce96503eb5"
  integrity sha512-dAvgtKhkYpzzr+EkmZ4ZuJ5CujxCW0LaT109DvO/2MQNk3EWIxcgl+ik4tSulSbgau1GN8RlkRKyDp0wISdQ3Q==
  dependencies:
    "@babel/runtime" "^7.3.1"
    "@react-spring/shared" "9.0.0-rc.3"
    react-layout-effect "^1.0.1"

"@react-spring/core@9.0.0-rc.3":
  version "9.0.0-rc.3"
  resolved "https://registry.yarnpkg.com/@react-spring/core/-/core-9.0.0-rc.3.tgz#c8e697573936c525bd0f6ca0c0869f75c86e8a83"
  integrity sha512-3OzsVFxpfMJNkkQj8TwAH3NhUAX76AXu6WkslQF4EgBeEoG5eY3m+VvM9RsAsGWDuBKpscZ/wBpFt5Ih6KdGHA==
  dependencies:
    "@babel/runtime" "^7.3.1"
    "@react-spring/animated" "9.0.0-rc.3"
    "@react-spring/shared" "9.0.0-rc.3"
    react-layout-effect "^1.0.1"
    use-memo-one "^1.1.0"

"@react-spring/shared@9.0.0-rc.3":
  version "9.0.0-rc.3"
  resolved "https://registry.yarnpkg.com/@react-spring/shared/-/shared-9.0.0-rc.3.tgz#3f4c9d90accc20fef51a283a7806d78390b84161"
  integrity sha512-dd50TxwwMWd+dSB0InjndUN9w17cbnMCPy+0sag6zRxxKIo7eOyWSliOtLKxvufgmdC8Prm4M3GT5dmB1yxKEQ==
  dependencies:
    "@alloc/types" "^1.2.1"
    "@babel/runtime" "^7.3.1"
    fluids "^0.1.6"
    tslib "^1.11.1"

"@react-spring/three@^9.0.0-rc.3":
  version "9.0.0-rc.3"
  resolved "https://registry.yarnpkg.com/@react-spring/three/-/three-9.0.0-rc.3.tgz#bbfa7863c96ed8fa200cbff69222763c00977eef"
  integrity sha512-H55T+Dnck+hsJ8WgE+tb89ngX1E1lDOpMBG4mGzNLGok6XgGqN0VBsHRN3QDl+aPfmJI1BPFPR6b6WbhwqRNbw==
  dependencies:
    "@babel/runtime" "^7.3.1"
    "@react-spring/animated" "9.0.0-rc.3"
    "@react-spring/core" "9.0.0-rc.3"
    "@react-spring/shared" "9.0.0-rc.3"

d3-dispatch@1, d3-dispatch@^1.0.3:
  version "1.0.6"
  resolved "https://registry.yarnpkg.com/d3-dispatch/-/d3-dispatch-1.0.6.tgz#00d37bcee4dd8cd97729dd893a0ac29caaba5d58"
  integrity sha512-fVjoElzjhCEy+Hbn8KygnmMS7Or0a9sI2UzGwoB7cCtvI1XpVN9GpoYlnb3xt2YV66oXYb1fLJ8GMvP4hdU1RA==

d3-drag@^1.0.4:
  version "1.2.5"
  resolved "https://registry.yarnpkg.com/d3-drag/-/d3-drag-1.2.5.tgz#2537f451acd39d31406677b7dc77c82f7d988f70"
  integrity sha512-rD1ohlkKQwMZYkQlYVCrSFxsWPzI97+W+PaEIBNTMxRuxz9RF0Hi5nJWHGVJ3Om9d2fRTe1yOBINJyy/ahV95w==
  dependencies:
    d3-dispatch "1"
    d3-selection "1"

d3-path@1:
  version "1.0.9"
  resolved "https://registry.yarnpkg.com/d3-path/-/d3-path-1.0.9.tgz#48c050bb1fe8c262493a8caf5524e3e9591701cf"
  integrity sha512-VLaYcn81dtHVTjEHd8B+pbe9yHWpXKZUC87PzoFmsFrJqgFwDe/qxfp5MlfsfM1V5E/iVt0MmEbWQ7FVIXh/bg==

d3-selection@1:
  version "1.4.2"
  resolved "https://registry.yarnpkg.com/d3-selection/-/d3-selection-1.4.2.tgz#dcaa49522c0dbf32d6c1858afc26b6094555bc5c"
  integrity sha512-SJ0BqYihzOjDnnlfyeHT0e30k0K1+5sR3d5fNueCNeuhZTnGw4M4o8mqJchSwgKMXCNFo+e2VTChiSJ0vYtXkg==

d3-shape@^1.3.5:
  version "1.3.7"
  resolved "https://registry.yarnpkg.com/d3-shape/-/d3-shape-1.3.7.tgz#df63801be07bc986bc54f63789b4fe502992b5d7"
  integrity sha512-EUkvKjqPFUAZyOlhY5gzCxCeI0Aep04LwIRpsZ/mLFelJiUfnK56jo5JMDSE7yyP2kLSb6LtF+S5chMk7uqPqw==
  dependencies:
    d3-path "1"

d3-timer@^1.0.5:
  version "1.0.10"
  resolved "https://registry.yarnpkg.com/d3-timer/-/d3-timer-1.0.10.tgz#dfe76b8a91748831b13b6d9c793ffbd508dd9de5"
  integrity sha512-B1JDm0XDaQC+uvo4DT79H0XmBskgS3l6Ve+1SBCfxgmtIb1AVrPIoqd+nPSv+loMX8szQ0sVUhGngL7D5QPiXw==

debounce@^1.2.0:
  version "1.2.0"
  resolved "https://registry.yarnpkg.com/debounce/-/debounce-1.2.0.tgz#44a540abc0ea9943018dc0eaa95cce87f65cd131"
  integrity sha512-mYtLl1xfZLi1m4RtQYlZgJUNQjl4ZxVnHzIR8nLLgi4q1YT8o/WM+MK/f8yfcc9s5Ir5zRaPZyZU6xs1Syoocg==

drei@^0.0.72:
  version "0.0.72"
  resolved "https://registry.yarnpkg.com/drei/-/drei-0.0.72.tgz#7ae9396371b9c5b358fdad3ec3d48fa42db510ca"
  integrity sha512-rovaX6jr3Yghj5B4Aw+Do5JfR7gQLTTXdVID0oRt2tV4onmpPoIEVoI5GsO150qF6+JrNOstjpeQPiHnUcOC7A==
  dependencies:
    "@babel/runtime" "^7.10.5"
    glsl-noise "^0.0.0"
    lodash.omit "^4.5.0"
    lodash.pick "^4.4.0"
    postprocessing "^6.16.0"
    react-merge-refs "^1.0.0"
    stats.js "^0.17.0"
    troika-three-text "^0.30.2"
    utility-types "^3.10.0"

fast-deep-equal@^2.0.1:
  version "2.0.1"
  resolved "https://registry.yarnpkg.com/fast-deep-equal/-/fast-deep-equal-2.0.1.tgz#7b05218ddf9667bf7f370bf7fdb2cb15fdd0aa49"
  integrity sha1-ewUhjd+WZ79/Nwv3/bLLFf3Qqkk=

fluids@^0.1.6:
  version "0.1.8"
  resolved "https://registry.yarnpkg.com/fluids/-/fluids-0.1.8.tgz#0a708b4f917f96ed9453dc21ab167d4bae9877c3"
  integrity sha512-tl3nUHkZeqCJs6FnlN4hTLmOzwDNXWqRbTIXGOkUT6HUAAuWsd28CyxwLOy9KAIbJNY2Bgn2C2gZVRiEhdCtBg==

glsl-noise@^0.0.0:
  version "0.0.0"
  resolved "https://registry.yarnpkg.com/glsl-noise/-/glsl-noise-0.0.0.tgz#367745f3a33382c0eeec4cb54b7e99cfc1d7670b"
  integrity sha1-NndF86MzgsDu7Ey1S36Zz8HXZws=

"js-tokens@^3.0.0 || ^4.0.0":
  version "4.0.0"
  resolved "https://registry.yarnpkg.com/js-tokens/-/js-tokens-4.0.0.tgz#19203fb59991df98e3a287050d4647cdeaf32499"
  integrity sha512-RdJUflcE3cUzKiMqQgsCu06FPu9UdIJO0beYbPhHN4k6apgJtifcoCtT9bcxOpYBtpD2kCM6Sbzg4CausW/PKQ==

lodash.omit@^4.5.0:
  version "4.5.0"
  resolved "https://registry.yarnpkg.com/lodash.omit/-/lodash.omit-4.5.0.tgz#6eb19ae5a1ee1dd9df0b969e66ce0b7fa30b5e60"
  integrity sha1-brGa5aHuHdnfC5aeZs4Lf6MLXmA=

lodash.pick@^4.4.0:
  version "4.4.0"
  resolved "https://registry.yarnpkg.com/lodash.pick/-/lodash.pick-4.4.0.tgz#52f05610fff9ded422611441ed1fc123a03001b3"
  integrity sha1-UvBWEP/53tQiYRRB7R/BI6AwAbM=

loose-envify@^1.1.0, loose-envify@^1.4.0:
  version "1.4.0"
  resolved "https://registry.yarnpkg.com/loose-envify/-/loose-envify-1.4.0.tgz#71ee51fa7be4caec1a63839f7e682d8132d30caf"
  integrity sha512-lyuxPGr/Wfhrlem2CL/UcnUc1zcqKAImBDzukY7Y5F/yQiNdko6+fRLevlw1HgMySw7f611UIY408EtxRSoK3Q==
  dependencies:
    js-tokens "^3.0.0 || ^4.0.0"

object-assign@^4.1.1:
  version "4.1.1"
  resolved "https://registry.yarnpkg.com/object-assign/-/object-assign-4.1.1.tgz#2109adc7965887cfc05cbbd442cac8bfbb360863"
  integrity sha1-IQmtx5ZYh8/AXLvUQsrIv7s2CGM=

postprocessing@^6.16.0:
  version "6.16.0"
  resolved "https://registry.yarnpkg.com/postprocessing/-/postprocessing-6.16.0.tgz#9028c3db08805193d8dc9a5d765122d40976edbb"
  integrity sha512-hw79kzQjSiQhYlHTyRECJMotQ1yRhkzw9tHprxSJF0z/qMx5e9TS4jpAAQOfSbnIr+0vqQG2K0HO23JA/9t3hw==

prop-types@^15.6.2:
  version "15.7.2"
  resolved "https://registry.yarnpkg.com/prop-types/-/prop-types-15.7.2.tgz#52c41e75b8c87e72b9d9360e0206b99dcbffa6c5"
  integrity sha512-8QQikdH7//R2vurIJSutZ1smHYTcLpRWEOlHnzcWHmBYrOGUysKwSsrC89BCiFj3CbrfJ/nXFdJepOVrY1GCHQ==
  dependencies:
    loose-envify "^1.4.0"
    object-assign "^4.1.1"
    react-is "^16.8.1"

react-is@^16.8.1:
  version "16.13.1"
  resolved "https://registry.yarnpkg.com/react-is/-/react-is-16.13.1.tgz#789729a4dc36de2999dc156dd6c1d9c18cea56a4"
  integrity sha512-24e6ynE2H+OKt4kqsOvNd8kBpV65zoxbA4BVsEOB3ARVWQki/DHzaUoC5KuON/BiccDaCCTZBuOcfZs70kR8bQ==

react-layout-effect@^1.0.1:
  version "1.0.5"
  resolved "https://registry.yarnpkg.com/react-layout-effect/-/react-layout-effect-1.0.5.tgz#0dc4e24452aee5de66c93c166f0ec512dfb1be80"
  integrity sha512-zdRXHuch+OBHU6bvjTelOGUCM+UDr/iCY+c0wXLEAc+G4/FlcJruD/hUOzlKH5XgO90Y/BUJPNhI/g9kl+VAsA==

react-merge-refs@^1.0.0:
  version "1.1.0"
  resolved "https://registry.yarnpkg.com/react-merge-refs/-/react-merge-refs-1.1.0.tgz#73d88b892c6c68cbb7a66e0800faa374f4c38b06"
  integrity sha512-alTKsjEL0dKH/ru1Iyn7vliS2QRcBp9zZPGoWxUOvRGWPUYgjo+V01is7p04It6KhgrzhJGnIj9GgX8W4bZoCQ==

react-promise-suspense@^0.3.2:
  version "0.3.3"
  resolved "https://registry.yarnpkg.com/react-promise-suspense/-/react-promise-suspense-0.3.3.tgz#b085c7e0ac22b85fd3d605b1c4f181cda4310bc9"
  integrity sha512-OdehKsCEWYoV6pMcwxbvJH99UrbXylmXJ1QpEL9OfHaUBzcAihyfSJV8jFq325M/wW9iKc/BoiLROXxMul+MxA==
  dependencies:
    fast-deep-equal "^2.0.1"

react-reconciler@0.25.1:
  version "0.25.1"
  resolved "https://registry.yarnpkg.com/react-reconciler/-/react-reconciler-0.25.1.tgz#f9814d59d115e1210762287ce987801529363aaa"
  integrity sha512-R5UwsIvRcSs3w8n9k3tBoTtUHdVhu9u84EG7E5M0Jk9F5i6DA1pQzPfUZd6opYWGy56MJOtV3VADzy6DRwYDjw==
  dependencies:
    loose-envify "^1.1.0"
    object-assign "^4.1.1"
    prop-types "^15.6.2"
    scheduler "^0.19.1"

react-three-fiber@^4.2.20:
  version "4.2.20"
  resolved "https://registry.yarnpkg.com/react-three-fiber/-/react-three-fiber-4.2.20.tgz#2689c005689f7c706cfb29bcf7f09958ff900b9a"
  integrity sha512-M5TCdGNKvofe37VMXnhbabgRDiRm9rnfxOmMFuLa+H9FiiLT3wUMMgE9eBmLh3McKgYXURETWKkNDePeQ0J0JQ==
  dependencies:
    "@babel/runtime" "^7.9.2"
    "@juggle/resize-observer" "^3.1.3"
    react-merge-refs "^1.0.0"
    react-promise-suspense "^0.3.2"
    react-reconciler "0.25.1"
    react-use-measure "^2.0.0"
    resize-observer-polyfill "^1.5.1"
    scheduler "0.19.1"
    tiny-emitter "^2.1.0"
    utility-types "^3.10.0"

react-use-measure@^2.0.0:
  version "2.0.1"
  resolved "https://registry.yarnpkg.com/react-use-measure/-/react-use-measure-2.0.1.tgz#4f23f94c832cd4512da55acb300d1915dcbf3ae8"
  integrity sha512-lFfHiqcXbJ2/6aUkZwt8g5YYM7EGqNVxJhMqMPqv1BVXRKp8D7jYLlmma0SvhRY4WYxxkZpCdbJvhDylb5gcEA==
  dependencies:
    debounce "^1.2.0"

regenerator-runtime@^0.13.4:
  version "0.13.7"
  resolved "https://registry.yarnpkg.com/regenerator-runtime/-/regenerator-runtime-0.13.7.tgz#cac2dacc8a1ea675feaabaeb8ae833898ae46f55"
  integrity sha512-a54FxoJDIr27pgf7IgeQGxmqUNYrcV338lf/6gH456HZ/PhX+5BcwHXG9ajESmwe6WRO0tAzRUrRmNONWgkrew==

resize-observer-polyfill@^1.5.1:
  version "1.5.1"
  resolved "https://registry.yarnpkg.com/resize-observer-polyfill/-/resize-observer-polyfill-1.5.1.tgz#0e9020dd3d21024458d4ebd27e23e40269810464"
  integrity sha512-LwZrotdHOo12nQuZlHEmtuXdqGoOD0OhaxopaNFxWzInpEgaLWoVuAMbTzixuosCx2nEG58ngzW3vxdWoxIgdg==

scheduler@0.19.1, scheduler@^0.19.1:
  version "0.19.1"
  resolved "https://registry.yarnpkg.com/scheduler/-/scheduler-0.19.1.tgz#4f3e2ed2c1a7d65681f4c854fa8c5a1ccb40f196"
  integrity sha512-n/zwRWRYSUj0/3g/otKDRPMh6qv2SYMWNq85IEa8iZyAv8od9zDYpGSnpBEjNgcMNq6Scbu5KfIPxNF72R/2EA==
  dependencies:
    loose-envify "^1.1.0"
    object-assign "^4.1.1"

stats.js@^0.17.0:
  version "0.17.0"
  resolved "https://registry.yarnpkg.com/stats.js/-/stats.js-0.17.0.tgz#b1c3dc46d94498b578b7fd3985b81ace7131cc7d"
  integrity sha1-scPcRtlEmLV4t/05hbgaznExzH0=

three@^0.119.1:
  version "0.119.1"
  resolved "https://registry.yarnpkg.com/three/-/three-0.119.1.tgz#9d979a082c4cd9622af8e3498a8dfa026a619332"
  integrity sha512-GHyh/RiUfQ5VTiWIVRRTANYoXc1PFB1y+jDVRTb649nif1uX1F06PT1TKU3k2+F/MN4UJ3PWvQB53fY2OqKqKw==

tiny-emitter@^2.1.0:
  version "2.1.0"
  resolved "https://registry.yarnpkg.com/tiny-emitter/-/tiny-emitter-2.1.0.tgz#1d1a56edfc51c43e863cbb5382a72330e3555423"
  integrity sha512-NB6Dk1A9xgQPMoGqC5CVXn123gWyte215ONT5Pp5a0yt4nlEoO1ZWeCwpncaekPHXO60i47ihFnZPiRPjRMq4Q==

troika-three-text@^0.30.2:
  version "0.30.2"
  resolved "https://registry.yarnpkg.com/troika-three-text/-/troika-three-text-0.30.2.tgz#ed82c57c2a06c5f87ca38087ebd54c72560fc786"
  integrity sha512-FEOmjIm3yEO/Vlg5oe3cvAN3YWW55TRWeDRen3F2Xlo8RTx0Icsy3AZRrwd9ycT2FbuNzHVjnwxAVXX5F+B21A==
  dependencies:
    troika-three-utils "^0.30.0"
    troika-worker-utils "^0.30.0"

troika-three-utils@^0.30.0:
  version "0.30.0"
  resolved "https://registry.yarnpkg.com/troika-three-utils/-/troika-three-utils-0.30.0.tgz#5e118ee68afbe63b31c3e7bf4d509499e036a64f"
  integrity sha512-ZXTLb3tSCxbJEQyz4hwxYOx/Hrg9rzTrDSqGCmUTRXyOMOtZxrFeHTLBh2kblIb7JfhMUofj9vtRfIjt1UYYQA==

troika-worker-utils@^0.30.0:
  version "0.30.0"
  resolved "https://registry.yarnpkg.com/troika-worker-utils/-/troika-worker-utils-0.30.0.tgz#4b244d5939512a39459ede38b70b2ab9933270a5"
  integrity sha512-GpW0LK+KCdZQclP50ZdFlVviImeiqEC4I5CQF+sQurcOb9xC6cL5FyrdV1C4abtQ67G8ir3DA8+HktYi35whdg==

tslib@^1.11.1:
  version "1.13.0"
  resolved "https://registry.yarnpkg.com/tslib/-/tslib-1.13.0.tgz#c881e13cc7015894ed914862d276436fa9a47043"
  integrity sha512-i/6DQjL8Xf3be4K/E6Wgpekn5Qasl1usyw++dAA35Ue5orEn65VIxOA+YvNNl9HV3qv70T7CNwjODHZrLwvd1Q==

use-memo-one@^1.1.0:
  version "1.1.1"
  resolved "https://registry.yarnpkg.com/use-memo-one/-/use-memo-one-1.1.1.tgz#39e6f08fe27e422a7d7b234b5f9056af313bd22c"
  integrity sha512-oFfsyun+bP7RX8X2AskHNTxu+R3QdE/RC5IefMbqptmACAA/gfol1KDD5KRzPsGMa62sWxGZw+Ui43u6x4ddoQ==

utility-types@^3.10.0:
  version "3.10.0"
  resolved "https://registry.yarnpkg.com/utility-types/-/utility-types-3.10.0.tgz#ea4148f9a741015f05ed74fd615e1d20e6bed82b"
  integrity sha512-O11mqxmi7wMKCo6HKFt5AhO4BwY3VV68YU07tgxfz8zJTIxr4BpsezN49Ffwy9j3ZpwwJp4fkRwjRzq3uWE6Rg==

webcola@^3.4.0:
  version "3.4.0"
  resolved "https://registry.yarnpkg.com/webcola/-/webcola-3.4.0.tgz#490d26ae98e5b5109478b94a846a62ff6831a99d"
  integrity sha512-4BiLXjXw3SJHo3Xd+rF+7fyClT6n7I+AR6TkBqyQ4kTsePSAMDLRCXY1f3B/kXJeP9tYn4G1TblxTO+jAt0gaw==
  dependencies:
    d3-dispatch "^1.0.3"
    d3-drag "^1.0.4"
    d3-shape "^1.3.5"
    d3-timer "^1.0.5"
